
Microsoft Visual Studio Solution File, Format Version 12.00
# Visual Studio Express 2012 for Windows Desktop
Project("{FAE04EC0-301F-11D3-BF4B-00C04F79EFBC}") = "TacFuelBalancer", "TacFuelBalancer.csproj", "{B555E3BB-A066-4AE1-8AC4-09F1B7D68FC1}"
EndProject
Global
	GlobalSection(SolutionConfigurationPlatforms) = preSolution
		Debug|Any CPU = Debug|Any CPU
		Release|Any CPU = Release|Any CPU
	EndGlobalSection
	GlobalSection(ProjectConfigurationPlatforms) = postSolution
		{B555E3BB-A066-4AE1-8AC4-09F1B7D68FC1}.Debug|Any CPU.ActiveCfg = Debug|Any CPU
		{B555E3BB-A066-4AE1-8AC4-09F1B7D68FC1}.Debug|Any CPU.Build.0 = Debug|Any CPU
		{B555E3BB-A066-4AE1-8AC4-09F1B7D68FC1}.Release|Any CPU.ActiveCfg = Release|Any CPU
		{B555E3BB-A066-4AE1-8AC4-09F1B7D68FC1}.Release|Any CPU.Build.0 = Release|Any CPU
	EndGlobalSection
	GlobalSection(SolutionProperties) = preSolution
		HideSolutionNode = FALSE
	EndGlobalSection
EndGlobal
